
Microsoft Visual Studio Solution File, Format Version 12.00
# Visual Studio 15
VisualStudioVersion = 15.0.26403.7
MinimumVisualStudioVersion = 10.0.40219.1
Project("{FAE04EC0-301F-11D3-BF4B-00C04F79EFBC}") = "ChemWizard", "ChemWizard\ChemWizard.csproj", "{FD9F9C0C-88B5-45C6-BD00-0D27F345461F}"
EndProject
Project("{FAE04EC0-301F-11D3-BF4B-00C04F79EFBC}") = "ChemWizardWeb", "ChemWizardWeb\ChemWizardWeb.csproj", "{DDDC4841-FF93-4604-98AB-23CCE8BE0E93}"
EndProject
Global
	GlobalSection(SolutionConfigurationPlatforms) = preSolution
		Debug|Any CPU = Debug|Any CPU
		Release|Any CPU = Release|Any CPU
	EndGlobalSection
	GlobalSection(ProjectConfigurationPlatforms) = postSolution
		{FD9F9C0C-88B5-45C6-BD00-0D27F345461F}.Debug|Any CPU.ActiveCfg = Debug|Any CPU
		{FD9F9C0C-88B5-45C6-BD00-0D27F345461F}.Debug|Any CPU.Build.0 = Debug|Any CPU
		{FD9F9C0C-88B5-45C6-BD00-0D27F345461F}.Debug|Any CPU.Deploy.0 = Debug|Any CPU
		{FD9F9C0C-88B5-45C6-BD00-0D27F345461F}.Release|Any CPU.ActiveCfg = Release|Any CPU
		{FD9F9C0C-88B5-45C6-BD00-0D27F345461F}.Release|Any CPU.Build.0 = Release|Any CPU
		{FD9F9C0C-88B5-45C6-BD00-0D27F345461F}.Release|Any CPU.Deploy.0 = Release|Any CPU
		{DDDC4841-FF93-4604-98AB-23CCE8BE0E93}.Debug|Any CPU.ActiveCfg = Debug|Any CPU
		{DDDC4841-FF93-4604-98AB-23CCE8BE0E93}.Debug|Any CPU.Build.0 = Debug|Any CPU
		{DDDC4841-FF93-4604-98AB-23CCE8BE0E93}.Release|Any CPU.ActiveCfg = Release|Any CPU
		{DDDC4841-FF93-4604-98AB-23CCE8BE0E93}.Release|Any CPU.Build.0 = Release|Any CPU
	EndGlobalSection
	GlobalSection(SolutionProperties) = preSolution
		HideSolutionNode = FALSE
	EndGlobalSection
EndGlobal
